
Microsoft Visual Studio Solution File, Format Version 12.00
# Visual Studio Version 16
VisualStudioVersion = 16.0.30406.217
MinimumVisualStudioVersion = 10.0.40219.1
Project("{FAE04EC0-301F-11D3-BF4B-00C04F79EFBC}") = "Education_Program_10 (Class)", "Education_Program_10 (Class).csproj", "{8AB0BF9F-E280-4E30-B62D-5A89F9A75016}"
EndProject
Global
	GlobalSection(SolutionConfigurationPlatforms) = preSolution
		Debug|Any CPU = Debug|Any CPU
		Release|Any CPU = Release|Any CPU
	EndGlobalSection
	GlobalSection(ProjectConfigurationPlatforms) = postSolution
		{8AB0BF9F-E280-4E30-B62D-5A89F9A75016}.Debug|Any CPU.ActiveCfg = Debug|Any CPU
		{8AB0BF9F-E280-4E30-B62D-5A89F9A75016}.Debug|Any CPU.Build.0 = Debug|Any CPU
		{8AB0BF9F-E280-4E30-B62D-5A89F9A75016}.Release|Any CPU.ActiveCfg = Release|Any CPU
		{8AB0BF9F-E280-4E30-B62D-5A89F9A75016}.Release|Any CPU.Build.0 = Release|Any CPU
	EndGlobalSection
	GlobalSection(SolutionProperties) = preSolution
		HideSolutionNode = FALSE
	EndGlobalSection
	GlobalSection(ExtensibilityGlobals) = postSolution
		SolutionGuid = {579DEB87-3E1A-46B9-8D89-49A732712DAC}
	EndGlobalSection
EndGlobal
