
Microsoft Visual Studio Solution File, Format Version 12.00
# Visual Studio Version 16
VisualStudioVersion = 16.0.30406.217
MinimumVisualStudioVersion = 10.0.40219.1
Project("{FAE04EC0-301F-11D3-BF4B-00C04F79EFBC}") = "Education_Program_3", "Education_Program_3.csproj", "{46EBB77C-310F-4A17-96BE-189A5BFA4C3B}"
EndProject
Global
	GlobalSection(SolutionConfigurationPlatforms) = preSolution
		Debug|Any CPU = Debug|Any CPU
		Release|Any CPU = Release|Any CPU
	EndGlobalSection
	GlobalSection(ProjectConfigurationPlatforms) = postSolution
		{46EBB77C-310F-4A17-96BE-189A5BFA4C3B}.Debug|Any CPU.ActiveCfg = Debug|Any CPU
		{46EBB77C-310F-4A17-96BE-189A5BFA4C3B}.Debug|Any CPU.Build.0 = Debug|Any CPU
		{46EBB77C-310F-4A17-96BE-189A5BFA4C3B}.Release|Any CPU.ActiveCfg = Release|Any CPU
		{46EBB77C-310F-4A17-96BE-189A5BFA4C3B}.Release|Any CPU.Build.0 = Release|Any CPU
	EndGlobalSection
	GlobalSection(SolutionProperties) = preSolution
		HideSolutionNode = FALSE
	EndGlobalSection
	GlobalSection(ExtensibilityGlobals) = postSolution
		SolutionGuid = {36A78546-FA71-4346-81BC-6A1AF0825268}
	EndGlobalSection
EndGlobal
