
Microsoft Visual Studio Solution File, Format Version 12.00
# Visual Studio Version 16
VisualStudioVersion = 16.0.30406.217
MinimumVisualStudioVersion = 10.0.40219.1
Project("{FAE04EC0-301F-11D3-BF4B-00C04F79EFBC}") = "Education_Program_8", "Education_Program_8.csproj", "{BCD107E6-6AAB-4F1A-AA00-6E0A59D72A52}"
EndProject
Global
	GlobalSection(SolutionConfigurationPlatforms) = preSolution
		Debug|Any CPU = Debug|Any CPU
		Release|Any CPU = Release|Any CPU
	EndGlobalSection
	GlobalSection(ProjectConfigurationPlatforms) = postSolution
		{BCD107E6-6AAB-4F1A-AA00-6E0A59D72A52}.Debug|Any CPU.ActiveCfg = Debug|Any CPU
		{BCD107E6-6AAB-4F1A-AA00-6E0A59D72A52}.Debug|Any CPU.Build.0 = Debug|Any CPU
		{BCD107E6-6AAB-4F1A-AA00-6E0A59D72A52}.Release|Any CPU.ActiveCfg = Release|Any CPU
		{BCD107E6-6AAB-4F1A-AA00-6E0A59D72A52}.Release|Any CPU.Build.0 = Release|Any CPU
	EndGlobalSection
	GlobalSection(SolutionProperties) = preSolution
		HideSolutionNode = FALSE
	EndGlobalSection
	GlobalSection(ExtensibilityGlobals) = postSolution
		SolutionGuid = {BE00F0DE-DC30-48F9-A976-9C3AFA00A313}
	EndGlobalSection
EndGlobal
