
Microsoft Visual Studio Solution File, Format Version 12.00
# Visual Studio Version 16
VisualStudioVersion = 16.0.30406.217
MinimumVisualStudioVersion = 10.0.40219.1
Project("{FAE04EC0-301F-11D3-BF4B-00C04F79EFBC}") = "Education_Program_13 (Массив указателей, операторы is и as)", "Education_Program_13 (Массив указателей, операторы is и as).csproj", "{6A49C7FC-8FDD-4704-ACEA-23C2BEBD9A84}"
EndProject
Global
	GlobalSection(SolutionConfigurationPlatforms) = preSolution
		Debug|Any CPU = Debug|Any CPU
		Release|Any CPU = Release|Any CPU
	EndGlobalSection
	GlobalSection(ProjectConfigurationPlatforms) = postSolution
		{6A49C7FC-8FDD-4704-ACEA-23C2BEBD9A84}.Debug|Any CPU.ActiveCfg = Debug|Any CPU
		{6A49C7FC-8FDD-4704-ACEA-23C2BEBD9A84}.Debug|Any CPU.Build.0 = Debug|Any CPU
		{6A49C7FC-8FDD-4704-ACEA-23C2BEBD9A84}.Release|Any CPU.ActiveCfg = Release|Any CPU
		{6A49C7FC-8FDD-4704-ACEA-23C2BEBD9A84}.Release|Any CPU.Build.0 = Release|Any CPU
	EndGlobalSection
	GlobalSection(SolutionProperties) = preSolution
		HideSolutionNode = FALSE
	EndGlobalSection
	GlobalSection(ExtensibilityGlobals) = postSolution
		SolutionGuid = {54B3B41F-554C-46D0-A921-D87F55432CB5}
	EndGlobalSection
EndGlobal
